
Microsoft Visual Studio Solution File, Format Version 12.00
# Visual Studio Version 17
VisualStudioVersion = 17.13.35919.96 d17.13
MinimumVisualStudioVersion = 10.0.40219.1
Project("{FAE04EC0-301F-11D3-BF4B-00C04F79EFBC}") = "JobSearchWebsite", "JobSearchWebsite\JobSearchWebsite.csproj", "{557EC628-AF8C-4EFC-B212-D47350DBD358}"
EndProject
Global
	GlobalSection(SolutionConfigurationPlatforms) = preSolution
		Debug|Any CPU = Debug|Any CPU
		Release|Any CPU = Release|Any CPU
	EndGlobalSection
	GlobalSection(ProjectConfigurationPlatforms) = postSolution
		{557EC628-AF8C-4EFC-B212-D47350DBD358}.Debug|Any CPU.ActiveCfg = Debug|Any CPU
		{557EC628-AF8C-4EFC-B212-D47350DBD358}.Debug|Any CPU.Build.0 = Debug|Any CPU
		{557EC628-AF8C-4EFC-B212-D47350DBD358}.Release|Any CPU.ActiveCfg = Release|Any CPU
		{557EC628-AF8C-4EFC-B212-D47350DBD358}.Release|Any CPU.Build.0 = Release|Any CPU
	EndGlobalSection
	GlobalSection(SolutionProperties) = preSolution
		HideSolutionNode = FALSE
	EndGlobalSection
	GlobalSection(ExtensibilityGlobals) = postSolution
		SolutionGuid = {2751C563-5C6C-42DD-998E-9237F143C851}
	EndGlobalSection
EndGlobal
